// !$*UTF8*$!
{
	archiveVersion = 1;
	classes = {
	};
	objectVersion = 46;
	objects = {

/* Begin PBXBuildFile section */
		AB49647518947C890053536A /* XHNewsFramework.framework in Frameworks */ = {isa = PBXBuildFile; fileRef = AB49647418947C890053536A /* XHNewsFramework.framework */; };
		AB8682FE18942CFE00765392 /* Foundation.framework in Frameworks */ = {isa = PBXBuildFile; fileRef = AB8682FD18942CFE00765392 /* Foundation.framework */; };
		AB86830018942CFE00765392 /* CoreGraphics.framework in Frameworks */ = {isa = PBXBuildFile; fileRef = AB8682FF18942CFE00765392 /* CoreGraphics.framework */; };
		AB86830218942CFE00765392 /* UIKit.framework in Frameworks */ = {isa = PBXBuildFile; fileRef = AB86830118942CFE00765392 /* UIKit.framework */; };
		AB86830818942CFE00765392 /* InfoPlist.strings in Resources */ = {isa = PBXBuildFile; fileRef = AB86830618942CFE00765392 /* InfoPlist.strings */; };
		AB86830A18942CFE00765392 /* main.m in Sources */ = {isa = PBXBuildFile; fileRef = AB86830918942CFE00765392 /* main.m */; };
		AB86830E18942CFE00765392 /* AppDelegate.m in Sources */ = {isa = PBXBuildFile; fileRef = AB86830D18942CFE00765392 /* AppDelegate.m */; };
		AB86831018942CFE00765392 /* Images.xcassets in Resources */ = {isa = PBXBuildFile; fileRef = AB86830F18942CFE00765392 /* Images.xcassets */; };
		AB86831718942CFF00765392 /* XCTest.framework in Frameworks */ = {isa = PBXBuildFile; fileRef = AB86831618942CFF00765392 /* XCTest.framework */; };
		AB86831818942CFF00765392 /* Foundation.framework in Frameworks */ = {isa = PBXBuildFile; fileRef = AB8682FD18942CFE00765392 /* Foundation.framework */; };
		AB86831918942CFF00765392 /* UIKit.framework in Frameworks */ = {isa = PBXBuildFile; fileRef = AB86830118942CFE00765392 /* UIKit.framework */; };
		AB86832118942CFF00765392 /* InfoPlist.strings in Resources */ = {isa = PBXBuildFile; fileRef = AB86831F18942CFF00765392 /* InfoPlist.strings */; };
		AB86832318942CFF00765392 /* XHNewsFrameworkExampleTests.m in Sources */ = {isa = PBXBuildFile; fileRef = AB86832218942CFF00765392 /* XHNewsFrameworkExampleTests.m */; };
		AB86833118942D9A00765392 /* XHNeteaseNewsViewController.m in Sources */ = {isa = PBXBuildFile; fileRef = AB86833018942D9A00765392 /* XHNeteaseNewsViewController.m */; };
		AB86833618942DA100765392 /* tabBar-camera-on.png in Resources */ = {isa = PBXBuildFile; fileRef = AB86833218942DA100765392 /* tabBar-camera-on.png */; };
		AB86833718942DA100765392 /* tabBar-camera-on@2x.png in Resources */ = {isa = PBXBuildFile; fileRef = AB86833318942DA100765392 /* tabBar-camera-on@2x.png */; };
		AB86833818942DA100765392 /* tabBar-camera.png in Resources */ = {isa = PBXBuildFile; fileRef = AB86833418942DA100765392 /* tabBar-camera.png */; };
		AB86833918942DA100765392 /* tabBar-camera@2x.png in Resources */ = {isa = PBXBuildFile; fileRef = AB86833518942DA100765392 /* tabBar-camera@2x.png */; };
/* End PBXBuildFile section */

/* Begin PBXContainerItemProxy section */
		AB86831A18942CFF00765392 /* PBXContainerItemProxy */ = {
			isa = PBXContainerItemProxy;
			containerPortal = AB8682F218942CFE00765392 /* Project object */;
			proxyType = 1;
			remoteGlobalIDString = AB8682F918942CFE00765392;
			remoteInfo = XHNewsFrameworkExample;
		};
/* End PBXContainerItemProxy section */

/* Begin PBXFileReference section */
		AB49647418947C890053536A /* XHNewsFramework.framework */ = {isa = PBXFileReference; lastKnownFileType = wrapper.framework; path = XHNewsFramework.framework; sourceTree = "<group>"; };
		AB8682FA18942CFE00765392 /* XHNewsFrameworkExample.app */ = {isa = PBXFileReference; explicitFileType = wrapper.application; includeInIndex = 0; path = XHNewsFrameworkExample.app; sourceTree = BUILT_PRODUCTS_DIR; };
		AB8682FD18942CFE00765392 /* Foundation.framework */ = {isa = PBXFileReference; lastKnownFileType = wrapper.framework; name = Foundation.framework; path = System/Library/Frameworks/Foundation.framework; sourceTree = SDKROOT; };
		AB8682FF18942CFE00765392 /* CoreGraphics.framework */ = {isa = PBXFileReference; lastKnownFileType = wrapper.framework; name = CoreGraphics.framework; path = System/Library/Frameworks/CoreGraphics.framework; sourceTree = SDKROOT; };
		AB86830118942CFE00765392 /* UIKit.framework */ = {isa = PBXFileReference; lastKnownFileType = wrapper.framework; name = UIKit.framework; path = System/Library/Frameworks/UIKit.framework; sourceTree = SDKROOT; };
		AB86830518942CFE00765392 /* XHNewsFrameworkExample-Info.plist */ = {isa = PBXFileReference; lastKnownFileType = text.plist.xml; path = "XHNewsFrameworkExample-Info.plist"; sourceTree = "<group>"; };
		AB86830718942CFE00765392 /* en */ = {isa = PBXFileReference; lastKnownFileType = text.plist.strings; name = en; path = en.lproj/InfoPlist.strings; sourceTree = "<group>"; };
		AB86830918942CFE00765392 /* main.m */ = {isa = PBXFileReference; lastKnownFileType = sourcecode.c.objc; path = main.m; sourceTree = "<group>"; };
		AB86830B18942CFE00765392 /* XHNewsFrameworkExample-Prefix.pch */ = {isa = PBXFileReference; lastKnownFileType = sourcecode.c.h; path = "XHNewsFrameworkExample-Prefix.pch"; sourceTree = "<group>"; };
		AB86830C18942CFE00765392 /* AppDelegate.h */ = {isa = PBXFileReference; lastKnownFileType = sourcecode.c.h; path = AppDelegate.h; sourceTree = "<group>"; };
		AB86830D18942CFE00765392 /* AppDelegate.m */ = {isa = PBXFileReference; lastKnownFileType = sourcecode.c.objc; path = AppDelegate.m; sourceTree = "<group>"; };
		AB86830F18942CFE00765392 /* Images.xcassets */ = {isa = PBXFileReference; lastKnownFileType = folder.assetcatalog; path = Images.xcassets; sourceTree = "<group>"; };
		AB86831518942CFF00765392 /* XHNewsFrameworkExampleTests.xctest */ = {isa = PBXFileReference; explicitFileType = wrapper.cfbundle; includeInIndex = 0; path = XHNewsFrameworkExampleTests.xctest; sourceTree = BUILT_PRODUCTS_DIR; };
		AB86831618942CFF00765392 /* XCTest.framework */ = {isa = PBXFileReference; lastKnownFileType = wrapper.framework; name = XCTest.framework; path = Library/Frameworks/XCTest.framework; sourceTree = DEVELOPER_DIR; };
		AB86831E18942CFF00765392 /* XHNewsFrameworkExampleTests-Info.plist */ = {isa = PBXFileReference; lastKnownFileType = text.plist.xml; path = "XHNewsFrameworkExampleTests-Info.plist"; sourceTree = "<group>"; };
		AB86832018942CFF00765392 /* en */ = {isa = PBXFileReference; lastKnownFileType = text.plist.strings; name = en; path = en.lproj/InfoPlist.strings; sourceTree = "<group>"; };
		AB86832218942CFF00765392 /* XHNewsFrameworkExampleTests.m */ = {isa = PBXFileReference; lastKnownFileType = sourcecode.c.objc; path = XHNewsFrameworkExampleTests.m; sourceTree = "<group>"; };
		AB86832F18942D9A00765392 /* XHNeteaseNewsViewController.h */ = {isa = PBXFileReference; fileEncoding = 4; lastKnownFileType = sourcecode.c.h; path = XHNeteaseNewsViewController.h; sourceTree = "<group>"; };
		AB86833018942D9A00765392 /* XHNeteaseNewsViewController.m */ = {isa = PBXFileReference; fileEncoding = 4; lastKnownFileType = sourcecode.c.objc; path = XHNeteaseNewsViewController.m; sourceTree = "<group>"; };
		AB86833218942DA100765392 /* tabBar-camera-on.png */ = {isa = PBXFileReference; lastKnownFileType = image.png; path = "tabBar-camera-on.png"; sourceTree = "<group>"; };
		AB86833318942DA100765392 /* tabBar-camera-on@2x.png */ = {isa = PBXFileReference; lastKnownFileType = image.png; path = "tabBar-camera-on@2x.png"; sourceTree = "<group>"; };
		AB86833418942DA100765392 /* tabBar-camera.png */ = {isa = PBXFileReference; lastKnownFileType = image.png; path = "tabBar-camera.png"; sourceTree = "<group>"; };
		AB86833518942DA100765392 /* tabBar-camera@2x.png */ = {isa = PBXFileReference; lastKnownFileType = image.png; path = "tabBar-camera@2x.png"; sourceTree = "<group>"; };
/* End PBXFileReference section */

/* Begin PBXFrameworksBuildPhase section */
		AB8682F718942CFE00765392 /* Frameworks */ = {
			isa = PBXFrameworksBuildPhase;
			buildActionMask = 2147483647;
			files = (
				AB49647518947C890053536A /* XHNewsFramework.framework in Frameworks */,
				AB86830018942CFE00765392 /* CoreGraphics.framework in Frameworks */,
				AB86830218942CFE00765392 /* UIKit.framework in Frameworks */,
				AB8682FE18942CFE00765392 /* Foundation.framework in Frameworks */,
			);
			runOnlyForDeploymentPostprocessing = 0;
		};
		AB86831218942CFF00765392 /* Frameworks */ = {
			isa = PBXFrameworksBuildPhase;
			buildActionMask = 2147483647;
			files = (
				AB86831718942CFF00765392 /* XCTest.framework in Frameworks */,
				AB86831918942CFF00765392 /* UIKit.framework in Frameworks */,
				AB86831818942CFF00765392 /* Foundation.framework in Frameworks */,
			);
			runOnlyForDeploymentPostprocessing = 0;
		};
/* End PBXFrameworksBuildPhase section */

/* Begin PBXGroup section */
		AB8682F118942CFE00765392 = {
			isa = PBXGroup;
			children = (
				AB86830318942CFE00765392 /* XHNewsFrameworkExample */,
				AB86831C18942CFF00765392 /* XHNewsFrameworkExampleTests */,
				AB8682FC18942CFE00765392 /* Frameworks */,
				AB8682FB18942CFE00765392 /* Products */,
			);
			sourceTree = "<group>";
		};
		AB8682FB18942CFE00765392 /* Products */ = {
			isa = PBXGroup;
			children = (
				AB8682FA18942CFE00765392 /* XHNewsFrameworkExample.app */,
				AB86831518942CFF00765392 /* XHNewsFrameworkExampleTests.xctest */,
			);
			name = Products;
			sourceTree = "<group>";
		};
		AB8682FC18942CFE00765392 /* Frameworks */ = {
			isa = PBXGroup;
			children = (
				AB8682FD18942CFE00765392 /* Foundation.framework */,
				AB8682FF18942CFE00765392 /* CoreGraphics.framework */,
				AB86830118942CFE00765392 /* UIKit.framework */,
				AB86831618942CFF00765392 /* XCTest.framework */,
			);
			name = Frameworks;
			sourceTree = "<group>";
		};
		AB86830318942CFE00765392 /* XHNewsFrameworkExample */ = {
			isa = PBXGroup;
			children = (
				AB49647418947C890053536A /* XHNewsFramework.framework */,
				AB86830C18942CFE00765392 /* AppDelegate.h */,
				AB86830D18942CFE00765392 /* AppDelegate.m */,
				AB86832F18942D9A00765392 /* XHNeteaseNewsViewController.h */,
				AB86833018942D9A00765392 /* XHNeteaseNewsViewController.m */,
				AB86830F18942CFE00765392 /* Images.xcassets */,
				AB86830418942CFE00765392 /* Supporting Files */,
			);
			path = XHNewsFrameworkExample;
			sourceTree = "<group>";
		};
		AB86830418942CFE00765392 /* Supporting Files */ = {
			isa = PBXGroup;
			children = (
				AB86833218942DA100765392 /* tabBar-camera-on.png */,
				AB86833318942DA100765392 /* tabBar-camera-on@2x.png */,
				AB86833418942DA100765392 /* tabBar-camera.png */,
				AB86833518942DA100765392 /* tabBar-camera@2x.png */,
				AB86830518942CFE00765392 /* XHNewsFrameworkExample-Info.plist */,
				AB86830618942CFE00765392 /* InfoPlist.strings */,
				AB86830918942CFE00765392 /* main.m */,
				AB86830B18942CFE00765392 /* XHNewsFrameworkExample-Prefix.pch */,
			);
			name = "Supporting Files";
			sourceTree = "<group>";
		};
		AB86831C18942CFF00765392 /* XHNewsFrameworkExampleTests */ = {
			isa = PBXGroup;
			children = (
				AB86832218942CFF00765392 /* XHNewsFrameworkExampleTests.m */,
				AB86831D18942CFF00765392 /* Supporting Files */,
			);
			path = XHNewsFrameworkExampleTests;
			sourceTree = "<group>";
		};
		AB86831D18942CFF00765392 /* Supporting Files */ = {
			isa = PBXGroup;
			children = (
				AB86831E18942CFF00765392 /* XHNewsFrameworkExampleTests-Info.plist */,
				AB86831F18942CFF00765392 /* InfoPlist.strings */,
			);
			name = "Supporting Files";
			sourceTree = "<group>";
		};
/* End PBXGroup section */

/* Begin PBXNativeTarget section */
		AB8682F918942CFE00765392 /* XHNewsFrameworkExample */ = {
			isa = PBXNativeTarget;
			buildConfigurationList = AB86832618942CFF00765392 /* Build configuration list for PBXNativeTarget "XHNewsFrameworkExample" */;
			buildPhases = (
				AB8682F618942CFE00765392 /* Sources */,
				AB8682F718942CFE00765392 /* Frameworks */,
				AB8682F818942CFE00765392 /* Resources */,
			);
			buildRules = (
			);
			dependencies = (
			);
			name = XHNewsFrameworkExample;
			productName = XHNewsFrameworkExample;
			productReference = AB8682FA18942CFE00765392 /* XHNewsFrameworkExample.app */;
			productType = "com.apple.product-type.application";
		};
		AB86831418942CFF00765392 /* XHNewsFrameworkExampleTests */ = {
			isa = PBXNativeTarget;
			buildConfigurationList = AB86832918942CFF00765392 /* Build configuration list for PBXNativeTarget "XHNewsFrameworkExampleTests" */;
			buildPhases = (
				AB86831118942CFF00765392 /* Sources */,
				AB86831218942CFF00765392 /* Frameworks */,
				AB86831318942CFF00765392 /* Resources */,
			);
			buildRules = (
			);
			dependencies = (
				AB86831B18942CFF00765392 /* PBXTargetDependency */,
			);
			name = XHNewsFrameworkExampleTests;
			productName = XHNewsFrameworkExampleTests;
			productReference = AB86831518942CFF00765392 /* XHNewsFrameworkExampleTests.xctest */;
			productType = "com.apple.product-type.bundle.unit-test";
		};
/* End PBXNativeTarget section */

/* Begin PBXProject section */
		AB8682F218942CFE00765392 /* Project object */ = {
			isa = PBXProject;
			attributes = {
				LastUpgradeCheck = 0500;
				ORGANIZATIONNAME = "曾宪华 开发团队(http://iyilunba.com ) 本人QQ:543413507 本人QQ群（142557668）";
				TargetAttributes = {
					AB86831418942CFF00765392 = {
						TestTargetID = AB8682F918942CFE00765392;
					};
				};
			};
			buildConfigurationList = AB8682F518942CFE00765392 /* Build configuration list for PBXProject "XHNewsFrameworkExample" */;
			compatibilityVersion = "Xcode 3.2";
			developmentRegion = English;
			hasScannedForEncodings = 0;
			knownRegions = (
				en,
			);
			mainGroup = AB8682F118942CFE00765392;
			productRefGroup = AB8682FB18942CFE00765392 /* Products */;
			projectDirPath = "";
			projectRoot = "";
			targets = (
				AB8682F918942CFE00765392 /* XHNewsFrameworkExample */,
				AB86831418942CFF00765392 /* XHNewsFrameworkExampleTests */,
			);
		};
/* End PBXProject section */

/* Begin PBXResourcesBuildPhase section */
		AB8682F818942CFE00765392 /* Resources */ = {
			isa = PBXResourcesBuildPhase;
			buildActionMask = 2147483647;
			files = (
				AB86833718942DA100765392 /* tabBar-camera-on@2x.png in Resources */,
				AB86833818942DA100765392 /* tabBar-camera.png in Resources */,
				AB86830818942CFE00765392 /* InfoPlist.strings in Resources */,
				AB86833918942DA100765392 /* tabBar-camera@2x.png in Resources */,
				AB86831018942CFE00765392 /* Images.xcassets in Resources */,
				AB86833618942DA100765392 /* tabBar-camera-on.png in Resources */,
			);
			runOnlyForDeploymentPostprocessing = 0;
		};
		AB86831318942CFF00765392 /* Resources */ = {
			isa = PBXResourcesBuildPhase;
			buildActionMask = 2147483647;
			files = (
				AB86832118942CFF00765392 /* InfoPlist.strings in Resources */,
			);
			runOnlyForDeploymentPostprocessing = 0;
		};
/* End PBXResourcesBuildPhase section */

/* Begin PBXSourcesBuildPhase section */
		AB8682F618942CFE00765392 /* Sources */ = {
			isa = PBXSourcesBuildPhase;
			buildActionMask = 2147483647;
			files = (
				AB86833118942D9A00765392 /* XHNeteaseNewsViewController.m in Sources */,
				AB86830E18942CFE00765392 /* AppDelegate.m in Sources */,
				AB86830A18942CFE00765392 /* main.m in Sources */,
			);
			runOnlyForDeploymentPostprocessing = 0;
		};
		AB86831118942CFF00765392 /* Sources */ = {
			isa = PBXSourcesBuildPhase;
			buildActionMask = 2147483647;
			files = (
				AB86832318942CFF00765392 /* XHNewsFrameworkExampleTests.m in Sources */,
			);
			runOnlyForDeploymentPostprocessing = 0;
		};
/* End PBXSourcesBuildPhase section */

/* Begin PBXTargetDependency section */
		AB86831B18942CFF00765392 /* PBXTargetDependency */ = {
			isa = PBXTargetDependency;
			target = AB8682F918942CFE00765392 /* XHNewsFrameworkExample */;
			targetProxy = AB86831A18942CFF00765392 /* PBXContainerItemProxy */;
		};
/* End PBXTargetDependency section */

/* Begin PBXVariantGroup section */
		AB86830618942CFE00765392 /* InfoPlist.strings */ = {
			isa = PBXVariantGroup;
			children = (
				AB86830718942CFE00765392 /* en */,
			);
			name = InfoPlist.strings;
			sourceTree = "<group>";
		};
		AB86831F18942CFF00765392 /* InfoPlist.strings */ = {
			isa = PBXVariantGroup;
			children = (
				AB86832018942CFF00765392 /* en */,
			);
			name = InfoPlist.strings;
			sourceTree = "<group>";
		};
/* End PBXVariantGroup section */

/* Begin XCBuildConfiguration section */
		AB86832418942CFF00765392 /* Debug */ = {
			isa = XCBuildConfiguration;
			buildSettings = {
				ALWAYS_SEARCH_USER_PATHS = NO;
				ARCHS = "$(ARCHS_STANDARD_INCLUDING_64_BIT)";
				CLANG_CXX_LANGUAGE_STANDARD = "gnu++0x";
				CLANG_CXX_LIBRARY = "libc++";
				CLANG_ENABLE_MODULES = YES;
				CLANG_ENABLE_OBJC_ARC = YES;
				CLANG_WARN_BOOL_CONVERSION = YES;
				CLANG_WARN_CONSTANT_CONVERSION = YES;
				CLANG_WARN_DIRECT_OBJC_ISA_USAGE = YES_ERROR;
				CLANG_WARN_EMPTY_BODY = YES;
				CLANG_WARN_ENUM_CONVERSION = YES;
				CLANG_WARN_INT_CONVERSION = YES;
				CLANG_WARN_OBJC_ROOT_CLASS = YES_ERROR;
				CLANG_WARN__DUPLICATE_METHOD_MATCH = YES;
				"CODE_SIGN_IDENTITY[sdk=iphoneos*]" = "iPhone Developer";
				COPY_PHASE_STRIP = NO;
				GCC_C_LANGUAGE_STANDARD = gnu99;
				GCC_DYNAMIC_NO_PIC = NO;
				GCC_OPTIMIZATION_LEVEL = 0;
				GCC_PREPROCESSOR_DEFINITIONS = (
					"DEBUG=1",
					"$(inherited)",
				);
				GCC_SYMBOLS_PRIVATE_EXTERN = NO;
				GCC_WARN_64_TO_32_BIT_CONVERSION = YES;
				GCC_WARN_ABOUT_RETURN_TYPE = YES_ERROR;
				GCC_WARN_UNDECLARED_SELECTOR = YES;
				GCC_WARN_UNINITIALIZED_AUTOS = YES;
				GCC_WARN_UNUSED_FUNCTION = YES;
				GCC_WARN_UNUSED_VARIABLE = YES;
				IPHONEOS_DEPLOYMENT_TARGET = 7.0;
				ONLY_ACTIVE_ARCH = YES;
				SDKROOT = iphoneos;
				TARGETED_DEVICE_FAMILY = "1,2";
			};
			name = Debug;
		};
		AB86832518942CFF00765392 /* Release */ = {
			isa = XCBuildConfiguration;
			buildSettings = {
				ALWAYS_SEARCH_USER_PATHS = NO;
				ARCHS = "$(ARCHS_STANDARD_INCLUDING_64_BIT)";
				CLANG_CXX_LANGUAGE_STANDARD = "gnu++0x";
				CLANG_CXX_LIBRARY = "libc++";
				CLANG_ENABLE_MODULES = YES;
				CLANG_ENABLE_OBJC_ARC = YES;
				CLANG_WARN_BOOL_CONVERSION = YES;
				CLANG_WARN_CONSTANT_CONVERSION = YES;
				CLANG_WARN_DIRECT_OBJC_ISA_USAGE = YES_ERROR;
				CLANG_WARN_EMPTY_BODY = YES;
				CLANG_WARN_ENUM_CONVERSION = YES;
				CLANG_WARN_INT_CONVERSION = YES;
				CLANG_WARN_OBJC_ROOT_CLASS = YES_ERROR;
				CLANG_WARN__DUPLICATE_METHOD_MATCH = YES;
				"CODE_SIGN_IDENTITY[sdk=iphoneos*]" = "iPhone Developer";
				COPY_PHASE_STRIP = YES;
				ENABLE_NS_ASSERTIONS = NO;
				GCC_C_LANGUAGE_STANDARD = gnu99;
				GCC_WARN_64_TO_32_BIT_CONVERSION = YES;
				GCC_WARN_ABOUT_RETURN_TYPE = YES_ERROR;
				GCC_WARN_UNDECLARED_SELECTOR = YES;
				GCC_WARN_UNINITIALIZED_AUTOS = YES;
				GCC_WARN_UNUSED_FUNCTION = YES;
				GCC_WARN_UNUSED_VARIABLE = YES;
				IPHONEOS_DEPLOYMENT_TARGET = 7.0;
				SDKROOT = iphoneos;
				TARGETED_DEVICE_FAMILY = "1,2";
				VALIDATE_PRODUCT = YES;
			};
			name = Release;
		};
		AB86832718942CFF00765392 /* Debug */ = {
			isa = XCBuildConfiguration;
			buildSettings = {
				ARCHS = "$(ARCHS_STANDARD)";
				ASSETCATALOG_COMPILER_APPICON_NAME = AppIcon;
				ASSETCATALOG_COMPILER_LAUNCHIMAGE_NAME = LaunchImage;
				FRAMEWORK_SEARCH_PATHS = (
					"$(inherited)",
					/Users/JackMacbook/JackTeamDeveloper/JackTeamGithub/XHNewsFrameworkExample/Project/XHNewsFrameworkExample,
				);
				GCC_PRECOMPILE_PREFIX_HEADER = YES;
				GCC_PREFIX_HEADER = "XHNewsFrameworkExample/XHNewsFrameworkExample-Prefix.pch";
				INFOPLIST_FILE = "XHNewsFrameworkExample/XHNewsFrameworkExample-Info.plist";
				IPHONEOS_DEPLOYMENT_TARGET = 5.0;
				PRODUCT_NAME = "$(TARGET_NAME)";
				WRAPPER_EXTENSION = app;
			};
			name = Debug;
		};
		AB86832818942CFF00765392 /* Release */ = {
			isa = XCBuildConfiguration;
			buildSettings = {
				ARCHS = "$(ARCHS_STANDARD)";
				ASSETCATALOG_COMPILER_APPICON_NAME = AppIcon;
				ASSETCATALOG_COMPILER_LAUNCHIMAGE_NAME = LaunchImage;
				FRAMEWORK_SEARCH_PATHS = (
					"$(inherited)",
					/Users/JackMacbook/JackTeamDeveloper/JackTeamGithub/XHNewsFrameworkExample/Project/XHNewsFrameworkExample,
				);
				GCC_PRECOMPILE_PREFIX_HEADER = YES;
				GCC_PREFIX_HEADER = "XHNewsFrameworkExample/XHNewsFrameworkExample-Prefix.pch";
				INFOPLIST_FILE = "XHNewsFrameworkExample/XHNewsFrameworkExample-Info.plist";
				IPHONEOS_DEPLOYMENT_TARGET = 5.0;
				PRODUCT_NAME = "$(TARGET_NAME)";
				WRAPPER_EXTENSION = app;
			};
			name = Release;
		};
		AB86832A18942CFF00765392 /* Debug */ = {
			isa = XCBuildConfiguration;
			buildSettings = {
				ARCHS = "$(ARCHS_STANDARD_INCLUDING_64_BIT)";
				BUNDLE_LOADER = "$(BUILT_PRODUCTS_DIR)/XHNewsFrameworkExample.app/XHNewsFrameworkExample";
				FRAMEWORK_SEARCH_PATHS = (
					"$(SDKROOT)/Developer/Library/Frameworks",
					"$(inherited)",
					"$(DEVELOPER_FRAMEWORKS_DIR)",
				);
				GCC_PRECOMPILE_PREFIX_HEADER = YES;
				GCC_PREFIX_HEADER = "XHNewsFrameworkExample/XHNewsFrameworkExample-Prefix.pch";
				GCC_PREPROCESSOR_DEFINITIONS = (
					"DEBUG=1",
					"$(inherited)",
				);
				INFOPLIST_FILE = "XHNewsFrameworkExampleTests/XHNewsFrameworkExampleTests-Info.plist";
				PRODUCT_NAME = "$(TARGET_NAME)";
				TEST_HOST = "$(BUNDLE_LOADER)";
				WRAPPER_EXTENSION = xctest;
			};
			name = Debug;
		};
		AB86832B18942CFF00765392 /* Release */ = {
			isa = XCBuildConfiguration;
			buildSettings = {
				ARCHS = "$(ARCHS_STANDARD_INCLUDING_64_BIT)";
				BUNDLE_LOADER = "$(BUILT_PRODUCTS_DIR)/XHNewsFrameworkExample.app/XHNewsFrameworkExample";
				FRAMEWORK_SEARCH_PATHS = (
					"$(SDKROOT)/Developer/Library/Frameworks",
					"$(inherited)",
					"$(DEVELOPER_FRAMEWORKS_DIR)",
				);
				GCC_PRECOMPILE_PREFIX_HEADER = YES;
				GCC_PREFIX_HEADER = "XHNewsFrameworkExample/XHNewsFrameworkExample-Prefix.pch";
				INFOPLIST_FILE = "XHNewsFrameworkExampleTests/XHNewsFrameworkExampleTests-Info.plist";
				PRODUCT_NAME = "$(TARGET_NAME)";
				TEST_HOST = "$(BUNDLE_LOADER)";
				WRAPPER_EXTENSION = xctest;
			};
			name = Release;
		};
/* End XCBuildConfiguration section */

/* Begin XCConfigurationList section */
		AB8682F518942CFE00765392 /* Build configuration list for PBXProject "XHNewsFrameworkExample" */ = {
			isa = XCConfigurationList;
			buildConfigurations = (
				AB86832418942CFF00765392 /* Debug */,
				AB86832518942CFF00765392 /* Release */,
			);
			defaultConfigurationIsVisible = 0;
			defaultConfigurationName = Release;
		};
		AB86832618942CFF00765392 /* Build configuration list for PBXNativeTarget "XHNewsFrameworkExample" */ = {
			isa = XCConfigurationList;
			buildConfigurations = (
				AB86832718942CFF00765392 /* Debug */,
				AB86832818942CFF00765392 /* Release */,
			);
			defaultConfigurationIsVisible = 0;
			defaultConfigurationName = Release;
		};
		AB86832918942CFF00765392 /* Build configuration list for PBXNativeTarget "XHNewsFrameworkExampleTests" */ = {
			isa = XCConfigurationList;
			buildConfigurations = (
				AB86832A18942CFF00765392 /* Debug */,
				AB86832B18942CFF00765392 /* Release */,
			);
			defaultConfigurationIsVisible = 0;
			defaultConfigurationName = Release;
		};
/* End XCConfigurationList section */
	};
	rootObject = AB8682F218942CFE00765392 /* Project object */;
}
