// !$*UTF8*$!
{
	archiveVersion = 1;
	classes = {
	};
	objectVersion = 46;
	objects = {

/* Begin PBXBuildFile section */
		74180D5D190F9C5600A35C82 /* XHDataStoreManager.m in Sources */ = {isa = PBXBuildFile; fileRef = 74180D5C190F9C5600A35C82 /* XHDataStoreManager.m */; };
		74180D60190F9C6700A35C82 /* XHNewsModel.m in Sources */ = {isa = PBXBuildFile; fileRef = 74180D5F190F9C6700A35C82 /* XHNewsModel.m */; };
		74180D67190FA6B700A35C82 /* XHNetNewsCell.m in Sources */ = {isa = PBXBuildFile; fileRef = 74180D66190FA6B700A35C82 /* XHNetNewsCell.m */; };
		74B7F40118F2EEBD004EE42A /* RECommonFunctions.m in Sources */ = {isa = PBXBuildFile; fileRef = 74B7F3FC18F2EEBD004EE42A /* RECommonFunctions.m */; };
		74B7F40218F2EEBD004EE42A /* RESideMenu.m in Sources */ = {isa = PBXBuildFile; fileRef = 74B7F3FE18F2EEBD004EE42A /* RESideMenu.m */; };
		74B7F40318F2EEBD004EE42A /* UIViewController+RESideMenu.m in Sources */ = {isa = PBXBuildFile; fileRef = 74B7F40018F2EEBD004EE42A /* UIViewController+RESideMenu.m */; };
		74D07FAB18E272E8004008F0 /* XHNewsFramework.framework in Frameworks */ = {isa = PBXBuildFile; fileRef = 74D07FAA18E272E8004008F0 /* XHNewsFramework.framework */; };
		74E272F318EE535900AC103D /* page_state_highlight@2x.png in Resources */ = {isa = PBXBuildFile; fileRef = 74E272F118EE535900AC103D /* page_state_highlight@2x.png */; };
		74E272F418EE535900AC103D /* page_state_normal@2x.png in Resources */ = {isa = PBXBuildFile; fileRef = 74E272F218EE535900AC103D /* page_state_normal@2x.png */; };
		AB4D0A5118DD248600C7858F /* XHExampleLeftSideDrawerViewController.m in Sources */ = {isa = PBXBuildFile; fileRef = AB4D0A3F18DD248600C7858F /* XHExampleLeftSideDrawerViewController.m */; };
		AB4D0A5218DD248600C7858F /* XHExampleSideDrawerViewController.m in Sources */ = {isa = PBXBuildFile; fileRef = AB4D0A4118DD248600C7858F /* XHExampleSideDrawerViewController.m */; };
		AB4D0A5318DD248600C7858F /* XHNeteaseNewsViewController.m in Sources */ = {isa = PBXBuildFile; fileRef = AB4D0A4318DD248600C7858F /* XHNeteaseNewsViewController.m */; };
		AB4D0A5718DD248600C7858F /* HUAJIEBannerView.m in Sources */ = {isa = PBXBuildFile; fileRef = AB4D0A4E18DD248600C7858F /* HUAJIEBannerView.m */; };
		AB4D0A5818DD248600C7858F /* HUAJIENewsCell.m in Sources */ = {isa = PBXBuildFile; fileRef = AB4D0A5018DD248600C7858F /* HUAJIENewsCell.m */; };
		AB4D0A6818DD249900C7858F /* info_offline_flash.png in Resources */ = {isa = PBXBuildFile; fileRef = AB4D0A5A18DD249900C7858F /* info_offline_flash.png */; };
		AB4D0A6918DD249900C7858F /* info_offline_flash@2x.png in Resources */ = {isa = PBXBuildFile; fileRef = AB4D0A5B18DD249900C7858F /* info_offline_flash@2x.png */; };
		AB4D0A6A18DD249900C7858F /* leftShadow@2x.png in Resources */ = {isa = PBXBuildFile; fileRef = AB4D0A5C18DD249900C7858F /* leftShadow@2x.png */; };
		AB4D0A6B18DD249900C7858F /* logo@2x.png in Resources */ = {isa = PBXBuildFile; fileRef = AB4D0A5D18DD249900C7858F /* logo@2x.png */; };
		AB4D0A6C18DD249900C7858F /* managerMenuButton@2x.png in Resources */ = {isa = PBXBuildFile; fileRef = AB4D0A5E18DD249900C7858F /* managerMenuButton@2x.png */; };
		AB4D0A6D18DD249900C7858F /* MenuBackground@2x.png in Resources */ = {isa = PBXBuildFile; fileRef = AB4D0A5F18DD249900C7858F /* MenuBackground@2x.png */; };
		AB4D0A6E18DD249900C7858F /* order_back.png in Resources */ = {isa = PBXBuildFile; fileRef = AB4D0A6018DD249900C7858F /* order_back.png */; };
		AB4D0A6F18DD249900C7858F /* refresh.png in Resources */ = {isa = PBXBuildFile; fileRef = AB4D0A6118DD249900C7858F /* refresh.png */; };
		AB4D0A7018DD249900C7858F /* refresh@2x.png in Resources */ = {isa = PBXBuildFile; fileRef = AB4D0A6218DD249900C7858F /* refresh@2x.png */; };
		AB4D0A7118DD249900C7858F /* rightShadow@2x.png in Resources */ = {isa = PBXBuildFile; fileRef = AB4D0A6318DD249900C7858F /* rightShadow@2x.png */; };
		AB4D0A7218DD249900C7858F /* statusbar_close.png in Resources */ = {isa = PBXBuildFile; fileRef = AB4D0A6418DD249900C7858F /* statusbar_close.png */; };
		AB4D0A7318DD249900C7858F /* statusbar_close@2x.png in Resources */ = {isa = PBXBuildFile; fileRef = AB4D0A6518DD249900C7858F /* statusbar_close@2x.png */; };
		AB4D0A7418DD249900C7858F /* 列表图片@2x.jpg in Resources */ = {isa = PBXBuildFile; fileRef = AB4D0A6618DD249900C7858F /* 列表图片@2x.jpg */; };
		AB4D0A7518DD249900C7858F /* 图片@2x.jpg in Resources */ = {isa = PBXBuildFile; fileRef = AB4D0A6718DD249900C7858F /* 图片@2x.jpg */; };
		AB4D0A7818DD255C00C7858F /* XHExampleRightSideDrawerViewController.m in Sources */ = {isa = PBXBuildFile; fileRef = AB4D0A7718DD255C00C7858F /* XHExampleRightSideDrawerViewController.m */; };
		AB8682FE18942CFE00765392 /* Foundation.framework in Frameworks */ = {isa = PBXBuildFile; fileRef = AB8682FD18942CFE00765392 /* Foundation.framework */; };
		AB86830018942CFE00765392 /* CoreGraphics.framework in Frameworks */ = {isa = PBXBuildFile; fileRef = AB8682FF18942CFE00765392 /* CoreGraphics.framework */; };
		AB86830218942CFE00765392 /* UIKit.framework in Frameworks */ = {isa = PBXBuildFile; fileRef = AB86830118942CFE00765392 /* UIKit.framework */; };
		AB86830818942CFE00765392 /* InfoPlist.strings in Resources */ = {isa = PBXBuildFile; fileRef = AB86830618942CFE00765392 /* InfoPlist.strings */; };
		AB86830A18942CFE00765392 /* main.m in Sources */ = {isa = PBXBuildFile; fileRef = AB86830918942CFE00765392 /* main.m */; };
		AB86830E18942CFE00765392 /* AppDelegate.m in Sources */ = {isa = PBXBuildFile; fileRef = AB86830D18942CFE00765392 /* AppDelegate.m */; };
		AB86831018942CFE00765392 /* Images.xcassets in Resources */ = {isa = PBXBuildFile; fileRef = AB86830F18942CFE00765392 /* Images.xcassets */; };
		AB86831718942CFF00765392 /* XCTest.framework in Frameworks */ = {isa = PBXBuildFile; fileRef = AB86831618942CFF00765392 /* XCTest.framework */; };
		AB86831818942CFF00765392 /* Foundation.framework in Frameworks */ = {isa = PBXBuildFile; fileRef = AB8682FD18942CFE00765392 /* Foundation.framework */; };
		AB86831918942CFF00765392 /* UIKit.framework in Frameworks */ = {isa = PBXBuildFile; fileRef = AB86830118942CFE00765392 /* UIKit.framework */; };
		AB86832118942CFF00765392 /* InfoPlist.strings in Resources */ = {isa = PBXBuildFile; fileRef = AB86831F18942CFF00765392 /* InfoPlist.strings */; };
		AB86832318942CFF00765392 /* XHNewsFrameworkExampleTests.m in Sources */ = {isa = PBXBuildFile; fileRef = AB86832218942CFF00765392 /* XHNewsFrameworkExampleTests.m */; };
		ABE77C551899CFFA0006EF4A /* Accelerate.framework in Frameworks */ = {isa = PBXBuildFile; fileRef = ABE77C541899CFFA0006EF4A /* Accelerate.framework */; };
/* End PBXBuildFile section */

/* Begin PBXContainerItemProxy section */
		AB86831A18942CFF00765392 /* PBXContainerItemProxy */ = {
			isa = PBXContainerItemProxy;
			containerPortal = AB8682F218942CFE00765392 /* Project object */;
			proxyType = 1;
			remoteGlobalIDString = AB8682F918942CFE00765392;
			remoteInfo = XHNewsFrameworkExample;
		};
/* End PBXContainerItemProxy section */

/* Begin PBXFileReference section */
		74180D5B190F9C5600A35C82 /* XHDataStoreManager.h */ = {isa = PBXFileReference; fileEncoding = 4; lastKnownFileType = sourcecode.c.h; path = XHDataStoreManager.h; sourceTree = "<group>"; };
		74180D5C190F9C5600A35C82 /* XHDataStoreManager.m */ = {isa = PBXFileReference; fileEncoding = 4; lastKnownFileType = sourcecode.c.objc; path = XHDataStoreManager.m; sourceTree = "<group>"; };
		74180D5E190F9C6700A35C82 /* XHNewsModel.h */ = {isa = PBXFileReference; fileEncoding = 4; lastKnownFileType = sourcecode.c.h; path = XHNewsModel.h; sourceTree = "<group>"; };
		74180D5F190F9C6700A35C82 /* XHNewsModel.m */ = {isa = PBXFileReference; fileEncoding = 4; lastKnownFileType = sourcecode.c.objc; path = XHNewsModel.m; sourceTree = "<group>"; };
		74180D65190FA6B700A35C82 /* XHNetNewsCell.h */ = {isa = PBXFileReference; fileEncoding = 4; lastKnownFileType = sourcecode.c.h; path = XHNetNewsCell.h; sourceTree = "<group>"; };
		74180D66190FA6B700A35C82 /* XHNetNewsCell.m */ = {isa = PBXFileReference; fileEncoding = 4; lastKnownFileType = sourcecode.c.objc; path = XHNetNewsCell.m; sourceTree = "<group>"; };
		74B7F3FB18F2EEBD004EE42A /* RECommonFunctions.h */ = {isa = PBXFileReference; fileEncoding = 4; lastKnownFileType = sourcecode.c.h; path = RECommonFunctions.h; sourceTree = "<group>"; };
		74B7F3FC18F2EEBD004EE42A /* RECommonFunctions.m */ = {isa = PBXFileReference; fileEncoding = 4; lastKnownFileType = sourcecode.c.objc; path = RECommonFunctions.m; sourceTree = "<group>"; };
		74B7F3FD18F2EEBD004EE42A /* RESideMenu.h */ = {isa = PBXFileReference; fileEncoding = 4; lastKnownFileType = sourcecode.c.h; path = RESideMenu.h; sourceTree = "<group>"; };
		74B7F3FE18F2EEBD004EE42A /* RESideMenu.m */ = {isa = PBXFileReference; fileEncoding = 4; lastKnownFileType = sourcecode.c.objc; path = RESideMenu.m; sourceTree = "<group>"; };
		74B7F3FF18F2EEBD004EE42A /* UIViewController+RESideMenu.h */ = {isa = PBXFileReference; fileEncoding = 4; lastKnownFileType = sourcecode.c.h; path = "UIViewController+RESideMenu.h"; sourceTree = "<group>"; };
		74B7F40018F2EEBD004EE42A /* UIViewController+RESideMenu.m */ = {isa = PBXFileReference; fileEncoding = 4; lastKnownFileType = sourcecode.c.objc; path = "UIViewController+RESideMenu.m"; sourceTree = "<group>"; };
		74D07FAA18E272E8004008F0 /* XHNewsFramework.framework */ = {isa = PBXFileReference; lastKnownFileType = wrapper.framework; path = XHNewsFramework.framework; sourceTree = "<group>"; };
		74E272F118EE535900AC103D /* page_state_highlight@2x.png */ = {isa = PBXFileReference; lastKnownFileType = image.png; path = "page_state_highlight@2x.png"; sourceTree = "<group>"; };
		74E272F218EE535900AC103D /* page_state_normal@2x.png */ = {isa = PBXFileReference; lastKnownFileType = image.png; path = "page_state_normal@2x.png"; sourceTree = "<group>"; };
		AB4D0A3E18DD248600C7858F /* XHExampleLeftSideDrawerViewController.h */ = {isa = PBXFileReference; fileEncoding = 4; lastKnownFileType = sourcecode.c.h; path = XHExampleLeftSideDrawerViewController.h; sourceTree = "<group>"; };
		AB4D0A3F18DD248600C7858F /* XHExampleLeftSideDrawerViewController.m */ = {isa = PBXFileReference; fileEncoding = 4; lastKnownFileType = sourcecode.c.objc; path = XHExampleLeftSideDrawerViewController.m; sourceTree = "<group>"; };
		AB4D0A4018DD248600C7858F /* XHExampleSideDrawerViewController.h */ = {isa = PBXFileReference; fileEncoding = 4; lastKnownFileType = sourcecode.c.h; path = XHExampleSideDrawerViewController.h; sourceTree = "<group>"; };
		AB4D0A4118DD248600C7858F /* XHExampleSideDrawerViewController.m */ = {isa = PBXFileReference; fileEncoding = 4; lastKnownFileType = sourcecode.c.objc; path = XHExampleSideDrawerViewController.m; sourceTree = "<group>"; };
		AB4D0A4218DD248600C7858F /* XHNeteaseNewsViewController.h */ = {isa = PBXFileReference; fileEncoding = 4; lastKnownFileType = sourcecode.c.h; path = XHNeteaseNewsViewController.h; sourceTree = "<group>"; };
		AB4D0A4318DD248600C7858F /* XHNeteaseNewsViewController.m */ = {isa = PBXFileReference; fileEncoding = 4; lastKnownFileType = sourcecode.c.objc; path = XHNeteaseNewsViewController.m; sourceTree = "<group>"; };
		AB4D0A4D18DD248600C7858F /* HUAJIEBannerView.h */ = {isa = PBXFileReference; fileEncoding = 4; lastKnownFileType = sourcecode.c.h; path = HUAJIEBannerView.h; sourceTree = "<group>"; };
		AB4D0A4E18DD248600C7858F /* HUAJIEBannerView.m */ = {isa = PBXFileReference; fileEncoding = 4; lastKnownFileType = sourcecode.c.objc; path = HUAJIEBannerView.m; sourceTree = "<group>"; };
		AB4D0A4F18DD248600C7858F /* HUAJIENewsCell.h */ = {isa = PBXFileReference; fileEncoding = 4; lastKnownFileType = sourcecode.c.h; path = HUAJIENewsCell.h; sourceTree = "<group>"; };
		AB4D0A5018DD248600C7858F /* HUAJIENewsCell.m */ = {isa = PBXFileReference; fileEncoding = 4; lastKnownFileType = sourcecode.c.objc; path = HUAJIENewsCell.m; sourceTree = "<group>"; };
		AB4D0A5A18DD249900C7858F /* info_offline_flash.png */ = {isa = PBXFileReference; lastKnownFileType = image.png; path = info_offline_flash.png; sourceTree = "<group>"; };
		AB4D0A5B18DD249900C7858F /* info_offline_flash@2x.png */ = {isa = PBXFileReference; lastKnownFileType = image.png; path = "info_offline_flash@2x.png"; sourceTree = "<group>"; };
		AB4D0A5C18DD249900C7858F /* leftShadow@2x.png */ = {isa = PBXFileReference; lastKnownFileType = image.png; path = "leftShadow@2x.png"; sourceTree = "<group>"; };
		AB4D0A5D18DD249900C7858F /* logo@2x.png */ = {isa = PBXFileReference; lastKnownFileType = image.png; path = "logo@2x.png"; sourceTree = "<group>"; };
		AB4D0A5E18DD249900C7858F /* managerMenuButton@2x.png */ = {isa = PBXFileReference; lastKnownFileType = image.png; path = "managerMenuButton@2x.png"; sourceTree = "<group>"; };
		AB4D0A5F18DD249900C7858F /* MenuBackground@2x.png */ = {isa = PBXFileReference; lastKnownFileType = image.png; path = "MenuBackground@2x.png"; sourceTree = "<group>"; };
		AB4D0A6018DD249900C7858F /* order_back.png */ = {isa = PBXFileReference; lastKnownFileType = image.png; path = order_back.png; sourceTree = "<group>"; };
		AB4D0A6118DD249900C7858F /* refresh.png */ = {isa = PBXFileReference; lastKnownFileType = image.png; path = refresh.png; sourceTree = "<group>"; };
		AB4D0A6218DD249900C7858F /* refresh@2x.png */ = {isa = PBXFileReference; lastKnownFileType = image.png; path = "refresh@2x.png"; sourceTree = "<group>"; };
		AB4D0A6318DD249900C7858F /* rightShadow@2x.png */ = {isa = PBXFileReference; lastKnownFileType = image.png; path = "rightShadow@2x.png"; sourceTree = "<group>"; };
		AB4D0A6418DD249900C7858F /* statusbar_close.png */ = {isa = PBXFileReference; lastKnownFileType = image.png; path = statusbar_close.png; sourceTree = "<group>"; };
		AB4D0A6518DD249900C7858F /* statusbar_close@2x.png */ = {isa = PBXFileReference; lastKnownFileType = image.png; path = "statusbar_close@2x.png"; sourceTree = "<group>"; };
		AB4D0A6618DD249900C7858F /* 列表图片@2x.jpg */ = {isa = PBXFileReference; lastKnownFileType = image.jpeg; path = "列表图片@2x.jpg"; sourceTree = "<group>"; };
		AB4D0A6718DD249900C7858F /* 图片@2x.jpg */ = {isa = PBXFileReference; lastKnownFileType = image.jpeg; path = "图片@2x.jpg"; sourceTree = "<group>"; };
		AB4D0A7618DD255C00C7858F /* XHExampleRightSideDrawerViewController.h */ = {isa = PBXFileReference; fileEncoding = 4; lastKnownFileType = sourcecode.c.h; path = XHExampleRightSideDrawerViewController.h; sourceTree = "<group>"; };
		AB4D0A7718DD255C00C7858F /* XHExampleRightSideDrawerViewController.m */ = {isa = PBXFileReference; fileEncoding = 4; lastKnownFileType = sourcecode.c.objc; path = XHExampleRightSideDrawerViewController.m; sourceTree = "<group>"; };
		AB8682FA18942CFE00765392 /* XHNewsFrameworkExample.app */ = {isa = PBXFileReference; explicitFileType = wrapper.application; includeInIndex = 0; path = XHNewsFrameworkExample.app; sourceTree = BUILT_PRODUCTS_DIR; };
		AB8682FD18942CFE00765392 /* Foundation.framework */ = {isa = PBXFileReference; lastKnownFileType = wrapper.framework; name = Foundation.framework; path = System/Library/Frameworks/Foundation.framework; sourceTree = SDKROOT; };
		AB8682FF18942CFE00765392 /* CoreGraphics.framework */ = {isa = PBXFileReference; lastKnownFileType = wrapper.framework; name = CoreGraphics.framework; path = System/Library/Frameworks/CoreGraphics.framework; sourceTree = SDKROOT; };
		AB86830118942CFE00765392 /* UIKit.framework */ = {isa = PBXFileReference; lastKnownFileType = wrapper.framework; name = UIKit.framework; path = System/Library/Frameworks/UIKit.framework; sourceTree = SDKROOT; };
		AB86830518942CFE00765392 /* XHNewsFrameworkExample-Info.plist */ = {isa = PBXFileReference; lastKnownFileType = text.plist.xml; path = "XHNewsFrameworkExample-Info.plist"; sourceTree = "<group>"; };
		AB86830718942CFE00765392 /* en */ = {isa = PBXFileReference; lastKnownFileType = text.plist.strings; name = en; path = en.lproj/InfoPlist.strings; sourceTree = "<group>"; };
		AB86830918942CFE00765392 /* main.m */ = {isa = PBXFileReference; lastKnownFileType = sourcecode.c.objc; path = main.m; sourceTree = "<group>"; };
		AB86830B18942CFE00765392 /* XHNewsFrameworkExample-Prefix.pch */ = {isa = PBXFileReference; lastKnownFileType = sourcecode.c.h; path = "XHNewsFrameworkExample-Prefix.pch"; sourceTree = "<group>"; };
		AB86830C18942CFE00765392 /* AppDelegate.h */ = {isa = PBXFileReference; lastKnownFileType = sourcecode.c.h; path = AppDelegate.h; sourceTree = "<group>"; };
		AB86830D18942CFE00765392 /* AppDelegate.m */ = {isa = PBXFileReference; lastKnownFileType = sourcecode.c.objc; path = AppDelegate.m; sourceTree = "<group>"; };
		AB86830F18942CFE00765392 /* Images.xcassets */ = {isa = PBXFileReference; lastKnownFileType = folder.assetcatalog; path = Images.xcassets; sourceTree = "<group>"; };
		AB86831518942CFF00765392 /* XHNewsFrameworkExampleTests.xctest */ = {isa = PBXFileReference; explicitFileType = wrapper.cfbundle; includeInIndex = 0; path = XHNewsFrameworkExampleTests.xctest; sourceTree = BUILT_PRODUCTS_DIR; };
		AB86831618942CFF00765392 /* XCTest.framework */ = {isa = PBXFileReference; lastKnownFileType = wrapper.framework; name = XCTest.framework; path = Library/Frameworks/XCTest.framework; sourceTree = DEVELOPER_DIR; };
		AB86831E18942CFF00765392 /* XHNewsFrameworkExampleTests-Info.plist */ = {isa = PBXFileReference; lastKnownFileType = text.plist.xml; path = "XHNewsFrameworkExampleTests-Info.plist"; sourceTree = "<group>"; };
		AB86832018942CFF00765392 /* en */ = {isa = PBXFileReference; lastKnownFileType = text.plist.strings; name = en; path = en.lproj/InfoPlist.strings; sourceTree = "<group>"; };
		AB86832218942CFF00765392 /* XHNewsFrameworkExampleTests.m */ = {isa = PBXFileReference; lastKnownFileType = sourcecode.c.objc; path = XHNewsFrameworkExampleTests.m; sourceTree = "<group>"; };
		ABE77C541899CFFA0006EF4A /* Accelerate.framework */ = {isa = PBXFileReference; lastKnownFileType = wrapper.framework; name = Accelerate.framework; path = System/Library/Frameworks/Accelerate.framework; sourceTree = SDKROOT; };
/* End PBXFileReference section */

/* Begin PBXFrameworksBuildPhase section */
		AB8682F718942CFE00765392 /* Frameworks */ = {
			isa = PBXFrameworksBuildPhase;
			buildActionMask = 2147483647;
			files = (
				ABE77C551899CFFA0006EF4A /* Accelerate.framework in Frameworks */,
				74D07FAB18E272E8004008F0 /* XHNewsFramework.framework in Frameworks */,
				AB86830018942CFE00765392 /* CoreGraphics.framework in Frameworks */,
				AB86830218942CFE00765392 /* UIKit.framework in Frameworks */,
				AB8682FE18942CFE00765392 /* Foundation.framework in Frameworks */,
			);
			runOnlyForDeploymentPostprocessing = 0;
		};
		AB86831218942CFF00765392 /* Frameworks */ = {
			isa = PBXFrameworksBuildPhase;
			buildActionMask = 2147483647;
			files = (
				AB86831718942CFF00765392 /* XCTest.framework in Frameworks */,
				AB86831918942CFF00765392 /* UIKit.framework in Frameworks */,
				AB86831818942CFF00765392 /* Foundation.framework in Frameworks */,
			);
			runOnlyForDeploymentPostprocessing = 0;
		};
/* End PBXFrameworksBuildPhase section */

/* Begin PBXGroup section */
		74180D5A190F9C3600A35C82 /* Models */ = {
			isa = PBXGroup;
			children = (
				74180D5B190F9C5600A35C82 /* XHDataStoreManager.h */,
				74180D5C190F9C5600A35C82 /* XHDataStoreManager.m */,
				74180D5E190F9C6700A35C82 /* XHNewsModel.h */,
				74180D5F190F9C6700A35C82 /* XHNewsModel.m */,
			);
			path = Models;
			sourceTree = "<group>";
		};
		74B7F3FA18F2EEBD004EE42A /* RESideMenu */ = {
			isa = PBXGroup;
			children = (
				74B7F3FB18F2EEBD004EE42A /* RECommonFunctions.h */,
				74B7F3FC18F2EEBD004EE42A /* RECommonFunctions.m */,
				74B7F3FD18F2EEBD004EE42A /* RESideMenu.h */,
				74B7F3FE18F2EEBD004EE42A /* RESideMenu.m */,
				74B7F3FF18F2EEBD004EE42A /* UIViewController+RESideMenu.h */,
				74B7F40018F2EEBD004EE42A /* UIViewController+RESideMenu.m */,
			);
			path = RESideMenu;
			sourceTree = "<group>";
		};
		AB4D0A3D18DD248600C7858F /* Controllers */ = {
			isa = PBXGroup;
			children = (
				AB4D0A4218DD248600C7858F /* XHNeteaseNewsViewController.h */,
				AB4D0A4318DD248600C7858F /* XHNeteaseNewsViewController.m */,
				AB4D0A3E18DD248600C7858F /* XHExampleLeftSideDrawerViewController.h */,
				AB4D0A3F18DD248600C7858F /* XHExampleLeftSideDrawerViewController.m */,
				AB4D0A4018DD248600C7858F /* XHExampleSideDrawerViewController.h */,
				AB4D0A4118DD248600C7858F /* XHExampleSideDrawerViewController.m */,
				AB4D0A7618DD255C00C7858F /* XHExampleRightSideDrawerViewController.h */,
				AB4D0A7718DD255C00C7858F /* XHExampleRightSideDrawerViewController.m */,
			);
			path = Controllers;
			sourceTree = "<group>";
		};
		AB4D0A4418DD248600C7858F /* Vendor */ = {
			isa = PBXGroup;
			children = (
				74B7F3FA18F2EEBD004EE42A /* RESideMenu */,
				74D07FAA18E272E8004008F0 /* XHNewsFramework.framework */,
			);
			path = Vendor;
			sourceTree = "<group>";
		};
		AB4D0A4C18DD248600C7858F /* Views */ = {
			isa = PBXGroup;
			children = (
				AB4D0A4D18DD248600C7858F /* HUAJIEBannerView.h */,
				AB4D0A4E18DD248600C7858F /* HUAJIEBannerView.m */,
				AB4D0A4F18DD248600C7858F /* HUAJIENewsCell.h */,
				AB4D0A5018DD248600C7858F /* HUAJIENewsCell.m */,
				74180D65190FA6B700A35C82 /* XHNetNewsCell.h */,
				74180D66190FA6B700A35C82 /* XHNetNewsCell.m */,
			);
			path = Views;
			sourceTree = "<group>";
		};
		AB4D0A5918DD249900C7858F /* Resources */ = {
			isa = PBXGroup;
			children = (
				74E272F118EE535900AC103D /* page_state_highlight@2x.png */,
				74E272F218EE535900AC103D /* page_state_normal@2x.png */,
				AB4D0A5A18DD249900C7858F /* info_offline_flash.png */,
				AB4D0A5B18DD249900C7858F /* info_offline_flash@2x.png */,
				AB4D0A5C18DD249900C7858F /* leftShadow@2x.png */,
				AB4D0A5D18DD249900C7858F /* logo@2x.png */,
				AB4D0A5E18DD249900C7858F /* managerMenuButton@2x.png */,
				AB4D0A5F18DD249900C7858F /* MenuBackground@2x.png */,
				AB4D0A6018DD249900C7858F /* order_back.png */,
				AB4D0A6118DD249900C7858F /* refresh.png */,
				AB4D0A6218DD249900C7858F /* refresh@2x.png */,
				AB4D0A6318DD249900C7858F /* rightShadow@2x.png */,
				AB4D0A6418DD249900C7858F /* statusbar_close.png */,
				AB4D0A6518DD249900C7858F /* statusbar_close@2x.png */,
				AB4D0A6618DD249900C7858F /* 列表图片@2x.jpg */,
				AB4D0A6718DD249900C7858F /* 图片@2x.jpg */,
			);
			path = Resources;
			sourceTree = "<group>";
		};
		AB8682F118942CFE00765392 = {
			isa = PBXGroup;
			children = (
				AB86830318942CFE00765392 /* XHNewsFrameworkExample */,
				AB86831C18942CFF00765392 /* XHNewsFrameworkExampleTests */,
				AB8682FC18942CFE00765392 /* Frameworks */,
				AB8682FB18942CFE00765392 /* Products */,
			);
			sourceTree = "<group>";
		};
		AB8682FB18942CFE00765392 /* Products */ = {
			isa = PBXGroup;
			children = (
				AB8682FA18942CFE00765392 /* XHNewsFrameworkExample.app */,
				AB86831518942CFF00765392 /* XHNewsFrameworkExampleTests.xctest */,
			);
			name = Products;
			sourceTree = "<group>";
		};
		AB8682FC18942CFE00765392 /* Frameworks */ = {
			isa = PBXGroup;
			children = (
				ABE77C541899CFFA0006EF4A /* Accelerate.framework */,
				AB8682FD18942CFE00765392 /* Foundation.framework */,
				AB8682FF18942CFE00765392 /* CoreGraphics.framework */,
				AB86830118942CFE00765392 /* UIKit.framework */,
				AB86831618942CFF00765392 /* XCTest.framework */,
			);
			name = Frameworks;
			sourceTree = "<group>";
		};
		AB86830318942CFE00765392 /* XHNewsFrameworkExample */ = {
			isa = PBXGroup;
			children = (
				AB86830C18942CFE00765392 /* AppDelegate.h */,
				AB86830D18942CFE00765392 /* AppDelegate.m */,
				74180D5A190F9C3600A35C82 /* Models */,
				AB4D0A3D18DD248600C7858F /* Controllers */,
				AB4D0A4418DD248600C7858F /* Vendor */,
				AB4D0A4C18DD248600C7858F /* Views */,
				AB86830F18942CFE00765392 /* Images.xcassets */,
				AB86830418942CFE00765392 /* Supporting Files */,
			);
			path = XHNewsFrameworkExample;
			sourceTree = "<group>";
		};
		AB86830418942CFE00765392 /* Supporting Files */ = {
			isa = PBXGroup;
			children = (
				AB4D0A5918DD249900C7858F /* Resources */,
				AB86830518942CFE00765392 /* XHNewsFrameworkExample-Info.plist */,
				AB86830618942CFE00765392 /* InfoPlist.strings */,
				AB86830918942CFE00765392 /* main.m */,
				AB86830B18942CFE00765392 /* XHNewsFrameworkExample-Prefix.pch */,
			);
			name = "Supporting Files";
			sourceTree = "<group>";
		};
		AB86831C18942CFF00765392 /* XHNewsFrameworkExampleTests */ = {
			isa = PBXGroup;
			children = (
				AB86832218942CFF00765392 /* XHNewsFrameworkExampleTests.m */,
				AB86831D18942CFF00765392 /* Supporting Files */,
			);
			path = XHNewsFrameworkExampleTests;
			sourceTree = "<group>";
		};
		AB86831D18942CFF00765392 /* Supporting Files */ = {
			isa = PBXGroup;
			children = (
				AB86831E18942CFF00765392 /* XHNewsFrameworkExampleTests-Info.plist */,
				AB86831F18942CFF00765392 /* InfoPlist.strings */,
			);
			name = "Supporting Files";
			sourceTree = "<group>";
		};
/* End PBXGroup section */

/* Begin PBXNativeTarget section */
		AB8682F918942CFE00765392 /* XHNewsFrameworkExample */ = {
			isa = PBXNativeTarget;
			buildConfigurationList = AB86832618942CFF00765392 /* Build configuration list for PBXNativeTarget "XHNewsFrameworkExample" */;
			buildPhases = (
				AB8682F618942CFE00765392 /* Sources */,
				AB8682F718942CFE00765392 /* Frameworks */,
				AB8682F818942CFE00765392 /* Resources */,
			);
			buildRules = (
			);
			dependencies = (
			);
			name = XHNewsFrameworkExample;
			productName = XHNewsFrameworkExample;
			productReference = AB8682FA18942CFE00765392 /* XHNewsFrameworkExample.app */;
			productType = "com.apple.product-type.application";
		};
		AB86831418942CFF00765392 /* XHNewsFrameworkExampleTests */ = {
			isa = PBXNativeTarget;
			buildConfigurationList = AB86832918942CFF00765392 /* Build configuration list for PBXNativeTarget "XHNewsFrameworkExampleTests" */;
			buildPhases = (
				AB86831118942CFF00765392 /* Sources */,
				AB86831218942CFF00765392 /* Frameworks */,
				AB86831318942CFF00765392 /* Resources */,
			);
			buildRules = (
			);
			dependencies = (
				AB86831B18942CFF00765392 /* PBXTargetDependency */,
			);
			name = XHNewsFrameworkExampleTests;
			productName = XHNewsFrameworkExampleTests;
			productReference = AB86831518942CFF00765392 /* XHNewsFrameworkExampleTests.xctest */;
			productType = "com.apple.product-type.bundle.unit-test";
		};
/* End PBXNativeTarget section */

/* Begin PBXProject section */
		AB8682F218942CFE00765392 /* Project object */ = {
			isa = PBXProject;
			attributes = {
				LastUpgradeCheck = 0500;
				ORGANIZATIONNAME = "曾宪华 开发团队(http://iyilunba.com ) 本人QQ:543413507 本人QQ群（142557668）";
				TargetAttributes = {
					AB86831418942CFF00765392 = {
						TestTargetID = AB8682F918942CFE00765392;
					};
				};
			};
			buildConfigurationList = AB8682F518942CFE00765392 /* Build configuration list for PBXProject "XHNewsFrameworkExample" */;
			compatibilityVersion = "Xcode 3.2";
			developmentRegion = English;
			hasScannedForEncodings = 0;
			knownRegions = (
				en,
			);
			mainGroup = AB8682F118942CFE00765392;
			productRefGroup = AB8682FB18942CFE00765392 /* Products */;
			projectDirPath = "";
			projectRoot = "";
			targets = (
				AB8682F918942CFE00765392 /* XHNewsFrameworkExample */,
				AB86831418942CFF00765392 /* XHNewsFrameworkExampleTests */,
			);
		};
/* End PBXProject section */

/* Begin PBXResourcesBuildPhase section */
		AB8682F818942CFE00765392 /* Resources */ = {
			isa = PBXResourcesBuildPhase;
			buildActionMask = 2147483647;
			files = (
				AB4D0A6C18DD249900C7858F /* managerMenuButton@2x.png in Resources */,
				AB4D0A6E18DD249900C7858F /* order_back.png in Resources */,
				AB4D0A7218DD249900C7858F /* statusbar_close.png in Resources */,
				AB86830818942CFE00765392 /* InfoPlist.strings in Resources */,
				74E272F418EE535900AC103D /* page_state_normal@2x.png in Resources */,
				AB4D0A7118DD249900C7858F /* rightShadow@2x.png in Resources */,
				74E272F318EE535900AC103D /* page_state_highlight@2x.png in Resources */,
				AB4D0A6B18DD249900C7858F /* logo@2x.png in Resources */,
				AB4D0A7018DD249900C7858F /* refresh@2x.png in Resources */,
				AB4D0A7518DD249900C7858F /* 图片@2x.jpg in Resources */,
				AB4D0A6918DD249900C7858F /* info_offline_flash@2x.png in Resources */,
				AB86831018942CFE00765392 /* Images.xcassets in Resources */,
				AB4D0A6818DD249900C7858F /* info_offline_flash.png in Resources */,
				AB4D0A6A18DD249900C7858F /* leftShadow@2x.png in Resources */,
				AB4D0A6D18DD249900C7858F /* MenuBackground@2x.png in Resources */,
				AB4D0A6F18DD249900C7858F /* refresh.png in Resources */,
				AB4D0A7318DD249900C7858F /* statusbar_close@2x.png in Resources */,
				AB4D0A7418DD249900C7858F /* 列表图片@2x.jpg in Resources */,
			);
			runOnlyForDeploymentPostprocessing = 0;
		};
		AB86831318942CFF00765392 /* Resources */ = {
			isa = PBXResourcesBuildPhase;
			buildActionMask = 2147483647;
			files = (
				AB86832118942CFF00765392 /* InfoPlist.strings in Resources */,
			);
			runOnlyForDeploymentPostprocessing = 0;
		};
/* End PBXResourcesBuildPhase section */

/* Begin PBXSourcesBuildPhase section */
		AB8682F618942CFE00765392 /* Sources */ = {
			isa = PBXSourcesBuildPhase;
			buildActionMask = 2147483647;
			files = (
				74180D67190FA6B700A35C82 /* XHNetNewsCell.m in Sources */,
				AB4D0A5118DD248600C7858F /* XHExampleLeftSideDrawerViewController.m in Sources */,
				AB4D0A5818DD248600C7858F /* HUAJIENewsCell.m in Sources */,
				AB4D0A5318DD248600C7858F /* XHNeteaseNewsViewController.m in Sources */,
				74B7F40218F2EEBD004EE42A /* RESideMenu.m in Sources */,
				AB86830E18942CFE00765392 /* AppDelegate.m in Sources */,
				AB4D0A5718DD248600C7858F /* HUAJIEBannerView.m in Sources */,
				AB86830A18942CFE00765392 /* main.m in Sources */,
				AB4D0A7818DD255C00C7858F /* XHExampleRightSideDrawerViewController.m in Sources */,
				74B7F40118F2EEBD004EE42A /* RECommonFunctions.m in Sources */,
				74180D5D190F9C5600A35C82 /* XHDataStoreManager.m in Sources */,
				AB4D0A5218DD248600C7858F /* XHExampleSideDrawerViewController.m in Sources */,
				74180D60190F9C6700A35C82 /* XHNewsModel.m in Sources */,
				74B7F40318F2EEBD004EE42A /* UIViewController+RESideMenu.m in Sources */,
			);
			runOnlyForDeploymentPostprocessing = 0;
		};
		AB86831118942CFF00765392 /* Sources */ = {
			isa = PBXSourcesBuildPhase;
			buildActionMask = 2147483647;
			files = (
				AB86832318942CFF00765392 /* XHNewsFrameworkExampleTests.m in Sources */,
			);
			runOnlyForDeploymentPostprocessing = 0;
		};
/* End PBXSourcesBuildPhase section */

/* Begin PBXTargetDependency section */
		AB86831B18942CFF00765392 /* PBXTargetDependency */ = {
			isa = PBXTargetDependency;
			target = AB8682F918942CFE00765392 /* XHNewsFrameworkExample */;
			targetProxy = AB86831A18942CFF00765392 /* PBXContainerItemProxy */;
		};
/* End PBXTargetDependency section */

/* Begin PBXVariantGroup section */
		AB86830618942CFE00765392 /* InfoPlist.strings */ = {
			isa = PBXVariantGroup;
			children = (
				AB86830718942CFE00765392 /* en */,
			);
			name = InfoPlist.strings;
			sourceTree = "<group>";
		};
		AB86831F18942CFF00765392 /* InfoPlist.strings */ = {
			isa = PBXVariantGroup;
			children = (
				AB86832018942CFF00765392 /* en */,
			);
			name = InfoPlist.strings;
			sourceTree = "<group>";
		};
/* End PBXVariantGroup section */

/* Begin XCBuildConfiguration section */
		AB86832418942CFF00765392 /* Debug */ = {
			isa = XCBuildConfiguration;
			buildSettings = {
				ALWAYS_SEARCH_USER_PATHS = NO;
				ARCHS = "$(ARCHS_STANDARD_INCLUDING_64_BIT)";
				CLANG_CXX_LANGUAGE_STANDARD = "gnu++0x";
				CLANG_CXX_LIBRARY = "libc++";
				CLANG_ENABLE_MODULES = YES;
				CLANG_ENABLE_OBJC_ARC = YES;
				CLANG_WARN_BOOL_CONVERSION = YES;
				CLANG_WARN_CONSTANT_CONVERSION = YES;
				CLANG_WARN_DIRECT_OBJC_ISA_USAGE = YES_ERROR;
				CLANG_WARN_EMPTY_BODY = YES;
				CLANG_WARN_ENUM_CONVERSION = YES;
				CLANG_WARN_INT_CONVERSION = YES;
				CLANG_WARN_OBJC_ROOT_CLASS = YES_ERROR;
				CLANG_WARN__DUPLICATE_METHOD_MATCH = YES;
				"CODE_SIGN_IDENTITY[sdk=iphoneos*]" = "iPhone Developer";
				COPY_PHASE_STRIP = NO;
				GCC_C_LANGUAGE_STANDARD = gnu99;
				GCC_DYNAMIC_NO_PIC = NO;
				GCC_OPTIMIZATION_LEVEL = 0;
				GCC_PREPROCESSOR_DEFINITIONS = (
					"DEBUG=1",
					"$(inherited)",
				);
				GCC_SYMBOLS_PRIVATE_EXTERN = NO;
				GCC_WARN_64_TO_32_BIT_CONVERSION = YES;
				GCC_WARN_ABOUT_RETURN_TYPE = YES_ERROR;
				GCC_WARN_UNDECLARED_SELECTOR = YES;
				GCC_WARN_UNINITIALIZED_AUTOS = YES;
				GCC_WARN_UNUSED_FUNCTION = YES;
				GCC_WARN_UNUSED_VARIABLE = YES;
				IPHONEOS_DEPLOYMENT_TARGET = 7.0;
				ONLY_ACTIVE_ARCH = YES;
				SDKROOT = iphoneos;
				TARGETED_DEVICE_FAMILY = "1,2";
			};
			name = Debug;
		};
		AB86832518942CFF00765392 /* Release */ = {
			isa = XCBuildConfiguration;
			buildSettings = {
				ALWAYS_SEARCH_USER_PATHS = NO;
				ARCHS = "$(ARCHS_STANDARD_INCLUDING_64_BIT)";
				CLANG_CXX_LANGUAGE_STANDARD = "gnu++0x";
				CLANG_CXX_LIBRARY = "libc++";
				CLANG_ENABLE_MODULES = YES;
				CLANG_ENABLE_OBJC_ARC = YES;
				CLANG_WARN_BOOL_CONVERSION = YES;
				CLANG_WARN_CONSTANT_CONVERSION = YES;
				CLANG_WARN_DIRECT_OBJC_ISA_USAGE = YES_ERROR;
				CLANG_WARN_EMPTY_BODY = YES;
				CLANG_WARN_ENUM_CONVERSION = YES;
				CLANG_WARN_INT_CONVERSION = YES;
				CLANG_WARN_OBJC_ROOT_CLASS = YES_ERROR;
				CLANG_WARN__DUPLICATE_METHOD_MATCH = YES;
				"CODE_SIGN_IDENTITY[sdk=iphoneos*]" = "iPhone Developer";
				COPY_PHASE_STRIP = YES;
				ENABLE_NS_ASSERTIONS = NO;
				GCC_C_LANGUAGE_STANDARD = gnu99;
				GCC_WARN_64_TO_32_BIT_CONVERSION = YES;
				GCC_WARN_ABOUT_RETURN_TYPE = YES_ERROR;
				GCC_WARN_UNDECLARED_SELECTOR = YES;
				GCC_WARN_UNINITIALIZED_AUTOS = YES;
				GCC_WARN_UNUSED_FUNCTION = YES;
				GCC_WARN_UNUSED_VARIABLE = YES;
				IPHONEOS_DEPLOYMENT_TARGET = 7.0;
				SDKROOT = iphoneos;
				TARGETED_DEVICE_FAMILY = "1,2";
				VALIDATE_PRODUCT = YES;
			};
			name = Release;
		};
		AB86832718942CFF00765392 /* Debug */ = {
			isa = XCBuildConfiguration;
			buildSettings = {
				ARCHS = "$(ARCHS_STANDARD)";
				ASSETCATALOG_COMPILER_APPICON_NAME = AppIcon;
				ASSETCATALOG_COMPILER_LAUNCHIMAGE_NAME = LaunchImage;
				FRAMEWORK_SEARCH_PATHS = (
					"$(inherited)",
					/Users/JackMacbook/JackTeamDeveloper/JackTeamGithub/XHNewsFrameworkExample/Project/XHNewsFrameworkExample,
					/Users/JackMacbook/JackTeamDeveloper/JackTeamGithub/XHNewsFrameworkExample/Project/XHNewsFrameworkExample/Vendor,
					"$(PROJECT_DIR)/XHNewsFrameworkExample/Vendor",
				);
				GCC_PRECOMPILE_PREFIX_HEADER = YES;
				GCC_PREFIX_HEADER = "XHNewsFrameworkExample/XHNewsFrameworkExample-Prefix.pch";
				INFOPLIST_FILE = "XHNewsFrameworkExample/XHNewsFrameworkExample-Info.plist";
				IPHONEOS_DEPLOYMENT_TARGET = 5.0;
				PRODUCT_NAME = "$(TARGET_NAME)";
				PROVISIONING_PROFILE = "D46261E9-258D-44B7-AF19-26A173308B7C";
				WRAPPER_EXTENSION = app;
			};
			name = Debug;
		};
		AB86832818942CFF00765392 /* Release */ = {
			isa = XCBuildConfiguration;
			buildSettings = {
				ARCHS = "$(ARCHS_STANDARD)";
				ASSETCATALOG_COMPILER_APPICON_NAME = AppIcon;
				ASSETCATALOG_COMPILER_LAUNCHIMAGE_NAME = LaunchImage;
				FRAMEWORK_SEARCH_PATHS = (
					"$(inherited)",
					/Users/JackMacbook/JackTeamDeveloper/JackTeamGithub/XHNewsFrameworkExample/Project/XHNewsFrameworkExample,
					/Users/JackMacbook/JackTeamDeveloper/JackTeamGithub/XHNewsFrameworkExample/Project/XHNewsFrameworkExample/Vendor,
					"$(PROJECT_DIR)/XHNewsFrameworkExample/Vendor",
				);
				GCC_PRECOMPILE_PREFIX_HEADER = YES;
				GCC_PREFIX_HEADER = "XHNewsFrameworkExample/XHNewsFrameworkExample-Prefix.pch";
				INFOPLIST_FILE = "XHNewsFrameworkExample/XHNewsFrameworkExample-Info.plist";
				IPHONEOS_DEPLOYMENT_TARGET = 5.0;
				PRODUCT_NAME = "$(TARGET_NAME)";
				PROVISIONING_PROFILE = "D46261E9-258D-44B7-AF19-26A173308B7C";
				WRAPPER_EXTENSION = app;
			};
			name = Release;
		};
		AB86832A18942CFF00765392 /* Debug */ = {
			isa = XCBuildConfiguration;
			buildSettings = {
				ARCHS = "$(ARCHS_STANDARD_INCLUDING_64_BIT)";
				BUNDLE_LOADER = "$(BUILT_PRODUCTS_DIR)/XHNewsFrameworkExample.app/XHNewsFrameworkExample";
				FRAMEWORK_SEARCH_PATHS = (
					"$(SDKROOT)/Developer/Library/Frameworks",
					"$(inherited)",
					"$(DEVELOPER_FRAMEWORKS_DIR)",
				);
				GCC_PRECOMPILE_PREFIX_HEADER = YES;
				GCC_PREFIX_HEADER = "XHNewsFrameworkExample/XHNewsFrameworkExample-Prefix.pch";
				GCC_PREPROCESSOR_DEFINITIONS = (
					"DEBUG=1",
					"$(inherited)",
				);
				INFOPLIST_FILE = "XHNewsFrameworkExampleTests/XHNewsFrameworkExampleTests-Info.plist";
				PRODUCT_NAME = "$(TARGET_NAME)";
				TEST_HOST = "$(BUNDLE_LOADER)";
				WRAPPER_EXTENSION = xctest;
			};
			name = Debug;
		};
		AB86832B18942CFF00765392 /* Release */ = {
			isa = XCBuildConfiguration;
			buildSettings = {
				ARCHS = "$(ARCHS_STANDARD_INCLUDING_64_BIT)";
				BUNDLE_LOADER = "$(BUILT_PRODUCTS_DIR)/XHNewsFrameworkExample.app/XHNewsFrameworkExample";
				FRAMEWORK_SEARCH_PATHS = (
					"$(SDKROOT)/Developer/Library/Frameworks",
					"$(inherited)",
					"$(DEVELOPER_FRAMEWORKS_DIR)",
				);
				GCC_PRECOMPILE_PREFIX_HEADER = YES;
				GCC_PREFIX_HEADER = "XHNewsFrameworkExample/XHNewsFrameworkExample-Prefix.pch";
				INFOPLIST_FILE = "XHNewsFrameworkExampleTests/XHNewsFrameworkExampleTests-Info.plist";
				PRODUCT_NAME = "$(TARGET_NAME)";
				TEST_HOST = "$(BUNDLE_LOADER)";
				WRAPPER_EXTENSION = xctest;
			};
			name = Release;
		};
/* End XCBuildConfiguration section */

/* Begin XCConfigurationList section */
		AB8682F518942CFE00765392 /* Build configuration list for PBXProject "XHNewsFrameworkExample" */ = {
			isa = XCConfigurationList;
			buildConfigurations = (
				AB86832418942CFF00765392 /* Debug */,
				AB86832518942CFF00765392 /* Release */,
			);
			defaultConfigurationIsVisible = 0;
			defaultConfigurationName = Release;
		};
		AB86832618942CFF00765392 /* Build configuration list for PBXNativeTarget "XHNewsFrameworkExample" */ = {
			isa = XCConfigurationList;
			buildConfigurations = (
				AB86832718942CFF00765392 /* Debug */,
				AB86832818942CFF00765392 /* Release */,
			);
			defaultConfigurationIsVisible = 0;
			defaultConfigurationName = Release;
		};
		AB86832918942CFF00765392 /* Build configuration list for PBXNativeTarget "XHNewsFrameworkExampleTests" */ = {
			isa = XCConfigurationList;
			buildConfigurations = (
				AB86832A18942CFF00765392 /* Debug */,
				AB86832B18942CFF00765392 /* Release */,
			);
			defaultConfigurationIsVisible = 0;
			defaultConfigurationName = Release;
		};
/* End XCConfigurationList section */
	};
	rootObject = AB8682F218942CFE00765392 /* Project object */;
}
